
Microsoft Visual Studio Solution File, Format Version 11.00
# Visual Studio 2010
Project("{FAE04EC0-301F-11D3-BF4B-00C04F79EFBC}") = "FizzBuzzer", "FizzBuzzer\FizzBuzzer.csproj", "{C1098B23-860C-4C0F-8B70-7752C86CA73F}"
EndProject
Project("{2150E333-8FDC-42A3-9474-1A3956D46DE8}") = "Solution Items", "Solution Items", "{4246D766-0A69-41DD-A6F8-4CD88ED952B4}"
	ProjectSection(SolutionItems) = preProject
		Block2.vsmdi = Block2.vsmdi
		Local.testsettings = Local.testsettings
		TraceAndTestImpact.testsettings = TraceAndTestImpact.testsettings
	EndProjectSection
EndProject
Project("{FAE04EC0-301F-11D3-BF4B-00C04F79EFBC}") = "Matrix", "Matrix\Matrix.csproj", "{AEEF877C-58F2-4A33-86D2-4081B9B7C812}"
EndProject
Project("{FAE04EC0-301F-11D3-BF4B-00C04F79EFBC}") = "PhoneBook", "PhoneBook\PhoneBook.csproj", "{C94E0107-4D2A-40D7-B2C0-3D7FCB250DD3}"
EndProject
Project("{FAE04EC0-301F-11D3-BF4B-00C04F79EFBC}") = "UnitTests", "UnitTests\UnitTests.csproj", "{20A1C94F-49AF-40C6-B686-1CEFA36A26E9}"
EndProject
Project("{FAE04EC0-301F-11D3-BF4B-00C04F79EFBC}") = "Refactoring", "Refactoring\Refactoring.csproj", "{4F84611C-ED6C-4C65-B6D3-5AA968F1249C}"
EndProject
Global
	GlobalSection(TestCaseManagementSettings) = postSolution
		CategoryFile = Block2.vsmdi
	EndGlobalSection
	GlobalSection(SolutionConfigurationPlatforms) = preSolution
		Debug|Any CPU = Debug|Any CPU
		Debug|Mixed Platforms = Debug|Mixed Platforms
		Debug|x86 = Debug|x86
		Release|Any CPU = Release|Any CPU
		Release|Mixed Platforms = Release|Mixed Platforms
		Release|x86 = Release|x86
	EndGlobalSection
	GlobalSection(ProjectConfigurationPlatforms) = postSolution
		{C1098B23-860C-4C0F-8B70-7752C86CA73F}.Debug|Any CPU.ActiveCfg = Debug|x86
		{C1098B23-860C-4C0F-8B70-7752C86CA73F}.Debug|Mixed Platforms.ActiveCfg = Debug|x86
		{C1098B23-860C-4C0F-8B70-7752C86CA73F}.Debug|Mixed Platforms.Build.0 = Debug|x86
		{C1098B23-860C-4C0F-8B70-7752C86CA73F}.Debug|x86.ActiveCfg = Debug|x86
		{C1098B23-860C-4C0F-8B70-7752C86CA73F}.Debug|x86.Build.0 = Debug|x86
		{C1098B23-860C-4C0F-8B70-7752C86CA73F}.Release|Any CPU.ActiveCfg = Release|x86
		{C1098B23-860C-4C0F-8B70-7752C86CA73F}.Release|Mixed Platforms.ActiveCfg = Release|x86
		{C1098B23-860C-4C0F-8B70-7752C86CA73F}.Release|Mixed Platforms.Build.0 = Release|x86
		{C1098B23-860C-4C0F-8B70-7752C86CA73F}.Release|x86.ActiveCfg = Release|x86
		{C1098B23-860C-4C0F-8B70-7752C86CA73F}.Release|x86.Build.0 = Release|x86
		{AEEF877C-58F2-4A33-86D2-4081B9B7C812}.Debug|Any CPU.ActiveCfg = Debug|x86
		{AEEF877C-58F2-4A33-86D2-4081B9B7C812}.Debug|Mixed Platforms.ActiveCfg = Debug|x86
		{AEEF877C-58F2-4A33-86D2-4081B9B7C812}.Debug|Mixed Platforms.Build.0 = Debug|x86
		{AEEF877C-58F2-4A33-86D2-4081B9B7C812}.Debug|x86.ActiveCfg = Debug|x86
		{AEEF877C-58F2-4A33-86D2-4081B9B7C812}.Debug|x86.Build.0 = Debug|x86
		{AEEF877C-58F2-4A33-86D2-4081B9B7C812}.Release|Any CPU.ActiveCfg = Release|x86
		{AEEF877C-58F2-4A33-86D2-4081B9B7C812}.Release|Mixed Platforms.ActiveCfg = Release|x86
		{AEEF877C-58F2-4A33-86D2-4081B9B7C812}.Release|Mixed Platforms.Build.0 = Release|x86
		{AEEF877C-58F2-4A33-86D2-4081B9B7C812}.Release|x86.ActiveCfg = Release|x86
		{AEEF877C-58F2-4A33-86D2-4081B9B7C812}.Release|x86.Build.0 = Release|x86
		{C94E0107-4D2A-40D7-B2C0-3D7FCB250DD3}.Debug|Any CPU.ActiveCfg = Debug|x86
		{C94E0107-4D2A-40D7-B2C0-3D7FCB250DD3}.Debug|Mixed Platforms.ActiveCfg = Debug|x86
		{C94E0107-4D2A-40D7-B2C0-3D7FCB250DD3}.Debug|Mixed Platforms.Build.0 = Debug|x86
		{C94E0107-4D2A-40D7-B2C0-3D7FCB250DD3}.Debug|x86.ActiveCfg = Debug|x86
		{C94E0107-4D2A-40D7-B2C0-3D7FCB250DD3}.Debug|x86.Build.0 = Debug|x86
		{C94E0107-4D2A-40D7-B2C0-3D7FCB250DD3}.Release|Any CPU.ActiveCfg = Release|x86
		{C94E0107-4D2A-40D7-B2C0-3D7FCB250DD3}.Release|Mixed Platforms.ActiveCfg = Release|x86
		{C94E0107-4D2A-40D7-B2C0-3D7FCB250DD3}.Release|Mixed Platforms.Build.0 = Release|x86
		{C94E0107-4D2A-40D7-B2C0-3D7FCB250DD3}.Release|x86.ActiveCfg = Release|x86
		{C94E0107-4D2A-40D7-B2C0-3D7FCB250DD3}.Release|x86.Build.0 = Release|x86
		{20A1C94F-49AF-40C6-B686-1CEFA36A26E9}.Debug|Any CPU.ActiveCfg = Debug|Any CPU
		{20A1C94F-49AF-40C6-B686-1CEFA36A26E9}.Debug|Any CPU.Build.0 = Debug|Any CPU
		{20A1C94F-49AF-40C6-B686-1CEFA36A26E9}.Debug|Mixed Platforms.ActiveCfg = Debug|Any CPU
		{20A1C94F-49AF-40C6-B686-1CEFA36A26E9}.Debug|Mixed Platforms.Build.0 = Debug|Any CPU
		{20A1C94F-49AF-40C6-B686-1CEFA36A26E9}.Debug|x86.ActiveCfg = Debug|Any CPU
		{20A1C94F-49AF-40C6-B686-1CEFA36A26E9}.Release|Any CPU.ActiveCfg = Release|Any CPU
		{20A1C94F-49AF-40C6-B686-1CEFA36A26E9}.Release|Any CPU.Build.0 = Release|Any CPU
		{20A1C94F-49AF-40C6-B686-1CEFA36A26E9}.Release|Mixed Platforms.ActiveCfg = Release|Any CPU
		{20A1C94F-49AF-40C6-B686-1CEFA36A26E9}.Release|Mixed Platforms.Build.0 = Release|Any CPU
		{20A1C94F-49AF-40C6-B686-1CEFA36A26E9}.Release|x86.ActiveCfg = Release|Any CPU
		{4F84611C-ED6C-4C65-B6D3-5AA968F1249C}.Debug|Any CPU.ActiveCfg = Debug|x86
		{4F84611C-ED6C-4C65-B6D3-5AA968F1249C}.Debug|Mixed Platforms.ActiveCfg = Debug|x86
		{4F84611C-ED6C-4C65-B6D3-5AA968F1249C}.Debug|Mixed Platforms.Build.0 = Debug|x86
		{4F84611C-ED6C-4C65-B6D3-5AA968F1249C}.Debug|x86.ActiveCfg = Debug|x86
		{4F84611C-ED6C-4C65-B6D3-5AA968F1249C}.Debug|x86.Build.0 = Debug|x86
		{4F84611C-ED6C-4C65-B6D3-5AA968F1249C}.Release|Any CPU.ActiveCfg = Release|x86
		{4F84611C-ED6C-4C65-B6D3-5AA968F1249C}.Release|Mixed Platforms.ActiveCfg = Release|x86
		{4F84611C-ED6C-4C65-B6D3-5AA968F1249C}.Release|Mixed Platforms.Build.0 = Release|x86
		{4F84611C-ED6C-4C65-B6D3-5AA968F1249C}.Release|x86.ActiveCfg = Release|x86
		{4F84611C-ED6C-4C65-B6D3-5AA968F1249C}.Release|x86.Build.0 = Release|x86
	EndGlobalSection
	GlobalSection(SolutionProperties) = preSolution
		HideSolutionNode = FALSE
	EndGlobalSection
EndGlobal
