
Microsoft Visual Studio Solution File, Format Version 12.00
# Visual Studio 2012
Project("{FAE04EC0-301F-11D3-BF4B-00C04F79EFBC}") = "FizzBuzz", "FizzBuzz\FizzBuzz.csproj", "{AB6E4C42-71F0-4F85-9603-E3D829EC75A9}"
EndProject
Project("{FAE04EC0-301F-11D3-BF4B-00C04F79EFBC}") = "FizzBuzzTests", "FizzBuzzTests\FizzBuzzTests.csproj", "{873807D4-D7FD-42C7-AD64-E9F118B80916}"
EndProject
Global
	GlobalSection(SolutionConfigurationPlatforms) = preSolution
		Debug|Any CPU = Debug|Any CPU
		Release|Any CPU = Release|Any CPU
	EndGlobalSection
	GlobalSection(ProjectConfigurationPlatforms) = postSolution
		{873807D4-D7FD-42C7-AD64-E9F118B80916}.Debug|Any CPU.ActiveCfg = Debug|Any CPU
		{873807D4-D7FD-42C7-AD64-E9F118B80916}.Debug|Any CPU.Build.0 = Debug|Any CPU
		{873807D4-D7FD-42C7-AD64-E9F118B80916}.Release|Any CPU.ActiveCfg = Release|Any CPU
		{873807D4-D7FD-42C7-AD64-E9F118B80916}.Release|Any CPU.Build.0 = Release|Any CPU
		{AB6E4C42-71F0-4F85-9603-E3D829EC75A9}.Debug|Any CPU.ActiveCfg = Debug|Any CPU
		{AB6E4C42-71F0-4F85-9603-E3D829EC75A9}.Debug|Any CPU.Build.0 = Debug|Any CPU
		{AB6E4C42-71F0-4F85-9603-E3D829EC75A9}.Release|Any CPU.ActiveCfg = Release|Any CPU
		{AB6E4C42-71F0-4F85-9603-E3D829EC75A9}.Release|Any CPU.Build.0 = Release|Any CPU
	EndGlobalSection
EndGlobal
